<?xml version="1.0" encoding="utf-8"?>
<Project ToolsVersion="4.0" xmlns="http://schemas.microsoft.com/developer/msbuild/2003">
  <ItemGroup>
    <Filter Include="Source Files">
      <UniqueIdentifier>{4FC737F1-C7A5-4376-A066-2A32D752A2FF}</UniqueIdentifier>
      <Extensions>cpp;cxx;c;def</Extensions>
    </Filter>
    <Filter Include="Header Files">
      <UniqueIdentifier>{93995380-89BD-4b04-88EB-625FBE52EBFB}</UniqueIdentifier>
      <Extensions>h</Extensions>
    </Filter>
    <Filter Include="Form Files">
      <UniqueIdentifier>{99349809-55BA-4b9d-BF79-8FDBB0286EB3}</UniqueIdentifier>
      <Extensions>ui</Extensions>
    </Filter>
    <Filter Include="Resource Files">
      <UniqueIdentifier>{D9D6E242-F8AF-46E4-B9FD-80ECBC20BA3E}</UniqueIdentifier>
      <Extensions>qrc;*</Extensions>
      <ParseFiles>false</ParseFiles>
    </Filter>
    <Filter Include="Generated Files">
      <UniqueIdentifier>{71ED8ED8-ACB9-4CE9-BBE1-E00B30144E11}</UniqueIdentifier>
      <Extensions>moc;h;cpp</Extensions>
      <SourceControlFiles>False</SourceControlFiles>
    </Filter>
    <Filter Include="Generated Files\Debug">
      <UniqueIdentifier>{bade9c11-073f-486c-9ce4-4469c159c996}</UniqueIdentifier>
      <Extensions>cpp;moc</Extensions>
      <SourceControlFiles>False</SourceControlFiles>
    </Filter>
    <Filter Include="Generated Files\Release">
      <UniqueIdentifier>{95e21b4a-6c3c-481a-8afa-33abb9ee2fa2}</UniqueIdentifier>
      <Extensions>cpp;moc</Extensions>
      <SourceControlFiles>False</SourceControlFiles>
    </Filter>
    <Filter Include="ComputerVisionLibraries">
      <UniqueIdentifier>{43a2e2f3-bb6d-4791-8bef-db22f99b706a}</UniqueIdentifier>
    </Filter>
    <Filter Include="ComputerVisionLibraries\DataAcquisition">
      <UniqueIdentifier>{c6cce291-afd3-45df-a9a7-31783a7d2cb7}</UniqueIdentifier>
    </Filter>
    <Filter Include="ComputerVisionLibraries\ImageSegmentation">
      <UniqueIdentifier>{e9b754ef-f56a-45a8-b874-62b7b7547d13}</UniqueIdentifier>
    </Filter>
    <Filter Include="Types">
      <UniqueIdentifier>{3f60c373-51fe-40f2-9282-354acaf939ae}</UniqueIdentifier>
    </Filter>
    <Filter Include="ComputerVisionLibraries\Timing">
      <UniqueIdentifier>{6996805b-cff6-4a70-a35c-aabc1e1dfd8c}</UniqueIdentifier>
    </Filter>
  </ItemGroup>
  <ItemGroup>
    <ClCompile Include="main.cpp">
      <Filter>Source Files</Filter>
    </ClCompile>
    <ClCompile Include="mainwindow.cpp">
      <Filter>Source Files</Filter>
    </ClCompile>
    <ClCompile Include="GeneratedFiles\Debug\moc_mainwindow.cpp">
      <Filter>Generated Files\Debug</Filter>
    </ClCompile>
    <ClCompile Include="GeneratedFiles\Release\moc_mainwindow.cpp">
      <Filter>Generated Files\Release</Filter>
    </ClCompile>
    <ClCompile Include="GeneratedFiles\qrc_mainwindow.cpp">
      <Filter>Generated Files</Filter>
    </ClCompile>
    <ClCompile Include="ComputerVisionLibraries\DataAcquisition\ImageAcquisitor.cpp">
      <Filter>ComputerVisionLibraries\DataAcquisition</Filter>
    </ClCompile>
    <ClCompile Include="ThreadManager.cpp">
      <Filter>Source Files</Filter>
    </ClCompile>
    <ClCompile Include="ThreadAlgorithm.cpp">
      <Filter>Source Files</Filter>
    </ClCompile>
    <ClCompile Include="InfoCollector.cpp">
      <Filter>Source Files</Filter>
    </ClCompile>
    <ClCompile Include="SegmentationManager.cpp">
      <Filter>Source Files</Filter>
    </ClCompile>
    <ClCompile Include="ComputerVisionLibraries\ImageSegmentation\ColorClusterSpace.cpp">
      <Filter>ComputerVisionLibraries\ImageSegmentation</Filter>
    </ClCompile>
    <ClCompile Include="ComputerVisionLibraries\ImageSegmentation\ColorSpaceHSV8.cpp">
      <Filter>ComputerVisionLibraries\ImageSegmentation</Filter>
    </ClCompile>
    <ClCompile Include="ComputerVisionLibraries\ImageSegmentation\SegmentedObject.cpp">
      <Filter>ComputerVisionLibraries\ImageSegmentation</Filter>
    </ClCompile>
    <ClCompile Include="ComputerVisionLibraries\ImageSegmentation\ColorClusterImageSegmentation.cpp">
      <Filter>ComputerVisionLibraries\ImageSegmentation</Filter>
    </ClCompile>
    <ClCompile Include="ImageManager.cpp">
      <Filter>Source Files</Filter>
    </ClCompile>
    <ClCompile Include="ComputerVisionLibraries\Timing\time.cpp">
      <Filter>ComputerVisionLibraries\Timing</Filter>
    </ClCompile>
  </ItemGroup>
  <ItemGroup>
    <CustomBuild Include="mainwindow.h">
      <Filter>Header Files</Filter>
    </CustomBuild>
    <CustomBuild Include="mainwindow.ui">
      <Filter>Form Files</Filter>
    </CustomBuild>
    <CustomBuild Include="mainwindow.qrc">
      <Filter>Resource Files</Filter>
    </CustomBuild>
  </ItemGroup>
  <ItemGroup>
    <ClInclude Include="GeneratedFiles\ui_mainwindow.h">
      <Filter>Generated Files</Filter>
    </ClInclude>
    <ClInclude Include="ThreadManager.h">
      <Filter>Header Files</Filter>
    </ClInclude>
    <ClInclude Include="ComputerVisionLibraries\DataAcquisition\ImageAcquisitor.h">
      <Filter>ComputerVisionLibraries\DataAcquisition</Filter>
    </ClInclude>
    <ClInclude Include="ThreadAlgorithm.h">
      <Filter>Header Files</Filter>
    </ClInclude>
    <ClInclude Include="InfoCollector.h">
      <Filter>Header Files</Filter>
    </ClInclude>
    <ClInclude Include="Types\types.h">
      <Filter>Types</Filter>
    </ClInclude>
    <ClInclude Include="SegmentationManager.h">
      <Filter>Header Files</Filter>
    </ClInclude>
    <ClInclude Include="ComputerVisionLibraries\ImageSegmentation\ColorClusterSpace.h">
      <Filter>ComputerVisionLibraries\ImageSegmentation</Filter>
    </ClInclude>
    <ClInclude Include="ComputerVisionLibraries\ImageSegmentation\ColorSpaceHSV8.h">
      <Filter>ComputerVisionLibraries\ImageSegmentation</Filter>
    </ClInclude>
    <ClInclude Include="ComputerVisionLibraries\ImageSegmentation\SegmentedObject.h">
      <Filter>ComputerVisionLibraries\ImageSegmentation</Filter>
    </ClInclude>
    <ClInclude Include="ComputerVisionLibraries\ImageSegmentation\ColocClusterImageSegmentation.h">
      <Filter>ComputerVisionLibraries\ImageSegmentation</Filter>
    </ClInclude>
    <ClInclude Include="Types\SimpleObject.h">
      <Filter>Types</Filter>
    </ClInclude>
    <ClInclude Include="ImageManager.h">
      <Filter>Header Files</Filter>
    </ClInclude>
    <ClInclude Include="ComputerVisionLibraries\Timing\time.h">
      <Filter>ComputerVisionLibraries\Timing</Filter>
    </ClInclude>
    <ClInclude Include="ComputerVisionLibraries\Timing\timeSrc.h">
      <Filter>ComputerVisionLibraries\Timing</Filter>
    </ClInclude>
  </ItemGroup>
</Project>